Microsoft Visual Studio Solution File, Format Version 12.00
# Visual Studio Version 17
VisualStudioVersion = 17.5.2.0
MinimumVisualStudioVersion = 10.0.40219.1
Project("{FAE04EC0-301F-11D3-BF4B-00C04F79EFBC}") = "csharp-dotnet-estudos", "csharp-dotnet-estudos.csproj", "{6A639D77-4C63-7B9E-26FD-0D71ADD5152A}"
EndProject
Global
	GlobalSection(SolutionConfigurationPlatforms) = preSolution
		Debug|Any CPU = Debug|Any CPU
		Release|Any CPU = Release|Any CPU
	EndGlobalSection
	GlobalSection(ProjectConfigurationPlatforms) = postSolution
		{6A639D77-4C63-7B9E-26FD-0D71ADD5152A}.Debug|Any CPU.ActiveCfg = Debug|Any CPU
		{6A639D77-4C63-7B9E-26FD-0D71ADD5152A}.Debug|Any CPU.Build.0 = Debug|Any CPU
		{6A639D77-4C63-7B9E-26FD-0D71ADD5152A}.Release|Any CPU.ActiveCfg = Release|Any CPU
		{6A639D77-4C63-7B9E-26FD-0D71ADD5152A}.Release|Any CPU.Build.0 = Release|Any CPU
	EndGlobalSection
	GlobalSection(SolutionProperties) = preSolution
		HideSolutionNode = FALSE
	EndGlobalSection
	GlobalSection(ExtensibilityGlobals) = postSolution
		SolutionGuid = {2B9B91DF-A132-45C2-80F5-0E6870E81DD7}
	EndGlobalSection
EndGlobal
